<?xml version="1.0" encoding="utf-8"?>
<Project ToolsVersion="4.0" xmlns="http://schemas.microsoft.com/developer/msbuild/2003">
  <ItemGroup>
    <ClCompile Include="DetectOsVersion.cpp">
      <Filter>Source Files</Filter>
    </ClCompile>
    <ClCompile Include="InvokeShellVerb.cpp">
      <Filter>Source Files</Filter>
    </ClCompile>
    <ClCompile Include="ParameterParser.cpp">
      <Filter>Source Files</Filter>
    </ClCompile>
    <ClCompile Include="ShellExecAsUser.cpp">
      <Filter>Source Files</Filter>
    </ClCompile>
    <ClCompile Include="UnicodeSupport.cpp">
      <Filter>Source Files</Filter>
    </ClCompile>
    <ClCompile Include="StdUtils.cpp">
      <Filter>Source Files</Filter>
    </ClCompile>
  </ItemGroup>
  <ItemGroup>
    <ClInclude Include="UnicodeSupport.h">
      <Filter>Header Files</Filter>
    </ClInclude>
    <ClInclude Include="ShellExecAsUser.h">
      <Filter>Header Files</Filter>
    </ClInclude>
    <ClInclude Include="resource.h">
      <Filter>Header Files</Filter>
    </ClInclude>
    <ClInclude Include="RandUtils.h">
      <Filter>Header Files</Filter>
    </ClInclude>
    <ClInclude Include="ParameterParser.h">
      <Filter>Header Files</Filter>
    </ClInclude>
    <ClInclude Include="InvokeShellVerb.h">
      <Filter>Header Files</Filter>
    </ClInclude>
    <ClInclude Include="DetectOsVersion.h">
      <Filter>Header Files</Filter>
    </ClInclude>
    <ClInclude Include="ComUtils.h">
      <Filter>Header Files</Filter>
    </ClInclude>
    <ClInclude Include="StdUtils.h">
      <Filter>Header Files</Filter>
    </ClInclude>
  </ItemGroup>
  <ItemGroup>
    <ResourceCompile Include="StdUtils.rc" />
  </ItemGroup>
  <ItemGroup>
    <Filter Include="Source Files">
      <UniqueIdentifier>{7c93e62c-ed44-4c3a-a941-8ed82d3bea7b}</UniqueIdentifier>
    </Filter>
    <Filter Include="Header Files">
      <UniqueIdentifier>{3f8a68cf-c183-4be6-80f4-6fe86b2e15f0}</UniqueIdentifier>
    </Filter>
  </ItemGroup>
</Project>