<?xml version="1.0" encoding="utf-8"?>
<Project ToolsVersion="4.0" xmlns="http://schemas.microsoft.com/developer/msbuild/2003">
  <ItemGroup>
    <ResourceCompile Include="StdUtils.rc" />
  </ItemGroup>
  <ItemGroup>
    <Filter Include="Source Files">
      <UniqueIdentifier>{7c93e62c-ed44-4c3a-a941-8ed82d3bea7b}</UniqueIdentifier>
    </Filter>
    <Filter Include="Header Files">
      <UniqueIdentifier>{3f8a68cf-c183-4be6-80f4-6fe86b2e15f0}</UniqueIdentifier>
    </Filter>
  </ItemGroup>
  <ItemGroup>
    <ClCompile Include="src\DetectOsVersion.cpp">
      <Filter>Source Files</Filter>
    </ClCompile>
    <ClCompile Include="src\InvokeShellVerb.cpp">
      <Filter>Source Files</Filter>
    </ClCompile>
    <ClCompile Include="src\ParameterParser.cpp">
      <Filter>Source Files</Filter>
    </ClCompile>
    <ClCompile Include="src\ShellExecAsUser.cpp">
      <Filter>Source Files</Filter>
    </ClCompile>
    <ClCompile Include="src\StdUtils.cpp">
      <Filter>Source Files</Filter>
    </ClCompile>
    <ClCompile Include="src\UnicodeSupport.cpp">
      <Filter>Source Files</Filter>
    </ClCompile>
    <ClCompile Include="src\ComUtils.cpp">
      <Filter>Source Files</Filter>
    </ClCompile>
  </ItemGroup>
  <ItemGroup>
    <ClInclude Include="src\ComUtils.h">
      <Filter>Header Files</Filter>
    </ClInclude>
    <ClInclude Include="src\DetectOsVersion.h">
      <Filter>Header Files</Filter>
    </ClInclude>
    <ClInclude Include="src\InvokeShellVerb.h">
      <Filter>Header Files</Filter>
    </ClInclude>
    <ClInclude Include="src\ParameterParser.h">
      <Filter>Header Files</Filter>
    </ClInclude>
    <ClInclude Include="src\Resource.h">
      <Filter>Header Files</Filter>
    </ClInclude>
    <ClInclude Include="src\ShellExecAsUser.h">
      <Filter>Header Files</Filter>
    </ClInclude>
    <ClInclude Include="src\StdUtils.h">
      <Filter>Header Files</Filter>
    </ClInclude>
    <ClInclude Include="src\UnicodeSupport.h">
      <Filter>Header Files</Filter>
    </ClInclude>
    <ClInclude Include="src\RandUtils.h">
      <Filter>Header Files</Filter>
    </ClInclude>
    <ClInclude Include="src\WinUtils.h">
      <Filter>Header Files</Filter>
    </ClInclude>
  </ItemGroup>
</Project>